
Microsoft Visual Studio Solution File, Format Version 12.00
# Visual Studio Version 17
VisualStudioVersion = 17.8.34330.188
MinimumVisualStudioVersion = 10.0.40219.1
Project("{FAE04EC0-301F-11D3-BF4B-00C04F79EFBC}") = "SingletonDesignPattern", "SingletonDesignPattern.csproj", "{74960531-77F0-4BA4-B2F2-C1AA355F527D}"
EndProject
Global
	GlobalSection(SolutionConfigurationPlatforms) = preSolution
		Debug|Any CPU = Debug|Any CPU
		Release|Any CPU = Release|Any CPU
	EndGlobalSection
	GlobalSection(ProjectConfigurationPlatforms) = postSolution
		{74960531-77F0-4BA4-B2F2-C1AA355F527D}.Debug|Any CPU.ActiveCfg = Debug|Any CPU
		{74960531-77F0-4BA4-B2F2-C1AA355F527D}.Debug|Any CPU.Build.0 = Debug|Any CPU
		{74960531-77F0-4BA4-B2F2-C1AA355F527D}.Release|Any CPU.ActiveCfg = Release|Any CPU
		{74960531-77F0-4BA4-B2F2-C1AA355F527D}.Release|Any CPU.Build.0 = Release|Any CPU
	EndGlobalSection
	GlobalSection(SolutionProperties) = preSolution
		HideSolutionNode = FALSE
	EndGlobalSection
	GlobalSection(ExtensibilityGlobals) = postSolution
		SolutionGuid = {8AA3B232-F04D-41F9-9121-A8949CB1217D}
	EndGlobalSection
EndGlobal
